// !$*UTF8*$!
{
	archiveVersion = 1;
	classes = {
	};
	objectVersion = 50;
	objects = {

/* Begin PBXBuildFile section */
		511842C82BB32CD3E4A19A2B /* Pods_SmartDrone.framework in Frameworks */ = {isa = PBXBuildFile; fileRef = 922E12DE0DF72F47627B6F75 /* Pods_SmartDrone.framework */; };
		F756279D2322D8B900E3F78C /* MidiDriver.framework in Embed Frameworks */ = {isa = PBXBuildFile; fileRef = F75627992322D81300E3F78C /* MidiDriver.framework */; settings = {ATTRIBUTES = (CodeSignOnCopy, RemoveHeadersOnCopy, ); }; };
		F756279F2322D8CB00E3F78C /* MidiDriver.framework in Frameworks */ = {isa = PBXBuildFile; fileRef = F75627992322D81300E3F78C /* MidiDriver.framework */; };
		F75F3F242337E28D00FA995A /* AudioPlayer.swift in Sources */ = {isa = PBXBuildFile; fileRef = F75F3F232337E28D00FA995A /* AudioPlayer.swift */; };
		F75F3F272337E2AC00FA995A /* AudioPlayerImpl.swift in Sources */ = {isa = PBXBuildFile; fileRef = F75F3F262337E2AC00FA995A /* AudioPlayerImpl.swift */; };
		F75F3F292337E2D400FA995A /* NoteProcessor.swift in Sources */ = {isa = PBXBuildFile; fileRef = F75F3F282337E2D400FA995A /* NoteProcessor.swift */; };
		F75F3F2B2337E2EC00FA995A /* NoteProcessorImpl.swift in Sources */ = {isa = PBXBuildFile; fileRef = F75F3F2A2337E2EC00FA995A /* NoteProcessorImpl.swift */; };
		F75F3F2D2337E30600FA995A /* NoteProcessorObserver.swift in Sources */ = {isa = PBXBuildFile; fileRef = F75F3F2C2337E30600FA995A /* NoteProcessorObserver.swift */; };
		F75F3F2F2337E32800FA995A /* PitchConverter.swift in Sources */ = {isa = PBXBuildFile; fileRef = F75F3F2E2337E32800FA995A /* PitchConverter.swift */; };
		F77BC8F622F0630900296789 /* AppDelegate.swift in Sources */ = {isa = PBXBuildFile; fileRef = F77BC8F522F0630900296789 /* AppDelegate.swift */; };
		F77BC8F822F0630900296789 /* DroneViewController.swift in Sources */ = {isa = PBXBuildFile; fileRef = F77BC8F722F0630900296789 /* DroneViewController.swift */; };
		F77BC8FB22F0630A00296789 /* Main.storyboard in Resources */ = {isa = PBXBuildFile; fileRef = F77BC8F922F0630A00296789 /* Main.storyboard */; };
		F77BC8FD22F0633900296789 /* Assets.xcassets in Resources */ = {isa = PBXBuildFile; fileRef = F77BC8FC22F0633900296789 /* Assets.xcassets */; };
		F77BC90022F0633900296789 /* LaunchScreen.storyboard in Resources */ = {isa = PBXBuildFile; fileRef = F77BC8FE22F0633900296789 /* LaunchScreen.storyboard */; };
		F77BC90B22F0633B00296789 /* SmartDroneTests.swift in Sources */ = {isa = PBXBuildFile; fileRef = F77BC90A22F0633B00296789 /* SmartDroneTests.swift */; };
		F7816D9922FC836500A58486 /* MajorModeTests.swift in Sources */ = {isa = PBXBuildFile; fileRef = F7816D9822FC836500A58486 /* MajorModeTests.swift */; };
		F78D092D22FC958D0077EAB5 /* MelodicMinorModeTests.swift in Sources */ = {isa = PBXBuildFile; fileRef = F78D092C22FC958D0077EAB5 /* MelodicMinorModeTests.swift */; };
		F78D093222FC9B790077EAB5 /* NoteCollectionTests.swift in Sources */ = {isa = PBXBuildFile; fileRef = F78D093122FC9B790077EAB5 /* NoteCollectionTests.swift */; };
		F78D093622FCA15C0077EAB5 /* ModeCollectionTests.swift in Sources */ = {isa = PBXBuildFile; fileRef = F78D093522FCA15C0077EAB5 /* ModeCollectionTests.swift */; };
		F78D9F2E230570AF007477BD /* DroneRepository.swift in Sources */ = {isa = PBXBuildFile; fileRef = F78D9F2D230570AF007477BD /* DroneRepository.swift */; };
		F78D9F3123057151007477BD /* DroneRepositoryImpl.swift in Sources */ = {isa = PBXBuildFile; fileRef = F78D9F3023057151007477BD /* DroneRepositoryImpl.swift */; };
		F78D9F3C2305757F007477BD /* KeyChangeObservable.swift in Sources */ = {isa = PBXBuildFile; fileRef = F78D9F3B2305757F007477BD /* KeyChangeObservable.swift */; };
		F78D9F3E23057598007477BD /* KeyChangeObserver.swift in Sources */ = {isa = PBXBuildFile; fileRef = F78D9F3D23057598007477BD /* KeyChangeObserver.swift */; };
		F79B493E22FDD8BA00B0B915 /* ActiveNoteListTests.swift in Sources */ = {isa = PBXBuildFile; fileRef = F79B493D22FDD8BA00B0B915 /* ActiveNoteListTests.swift */; };
		F79B494122FDE9DC00B0B915 /* KeyTests.swift in Sources */ = {isa = PBXBuildFile; fileRef = F79B494022FDE9DC00B0B915 /* KeyTests.swift */; };
		F79B494722FDFA3400B0B915 /* KeyFinder.swift in Sources */ = {isa = PBXBuildFile; fileRef = F79B494622FDFA3400B0B915 /* KeyFinder.swift */; };
		F79B494922FDFA4000B0B915 /* KeyFinderImpl.swift in Sources */ = {isa = PBXBuildFile; fileRef = F79B494822FDFA4000B0B915 /* KeyFinderImpl.swift */; };
		F79B49512301AB1600B0B915 /* ToneTests.swift in Sources */ = {isa = PBXBuildFile; fileRef = F79B49502301AB1600B0B915 /* ToneTests.swift */; };
		F79B49552301B42C00B0B915 /* VoicingTemplateTests.swift in Sources */ = {isa = PBXBuildFile; fileRef = F79B49542301B42C00B0B915 /* VoicingTemplateTests.swift */; };
		F79B49592301C0CB00B0B915 /* MusicTheoryTests.swift in Sources */ = {isa = PBXBuildFile; fileRef = F79B49582301C0CB00B0B915 /* MusicTheoryTests.swift */; };
		F79B495B2301CD6500B0B915 /* VoicingTests.swift in Sources */ = {isa = PBXBuildFile; fileRef = F79B495A2301CD6500B0B915 /* VoicingTests.swift */; };
		F79FF10422F06FDC00DE5E38 /* KeyFinder.framework in Frameworks */ = {isa = PBXBuildFile; fileRef = F79FF10122F06F6F00DE5E38 /* KeyFinder.framework */; };
		F79FF10522F06FDC00DE5E38 /* KeyFinder.framework in Embed Frameworks */ = {isa = PBXBuildFile; fileRef = F79FF10122F06F6F00DE5E38 /* KeyFinder.framework */; settings = {ATTRIBUTES = (CodeSignOnCopy, RemoveHeadersOnCopy, ); }; };
		F79FF10B22F0733B00DE5E38 /* KeyFinder.framework in Frameworks */ = {isa = PBXBuildFile; fileRef = F79FF10122F06F6F00DE5E38 /* KeyFinder.framework */; };
		F7A63AD0230485BA00150128 /* NoteFilter.swift in Sources */ = {isa = PBXBuildFile; fileRef = F7A63ACF230485BA00150128 /* NoteFilter.swift */; };
		F7A63AD2230486E400150128 /* NoteFilterImpl.swift in Sources */ = {isa = PBXBuildFile; fileRef = F7A63AD1230486E400150128 /* NoteFilterImpl.swift */; };
		F7A63AD42304A29C00150128 /* HarmonyGenerator.swift in Sources */ = {isa = PBXBuildFile; fileRef = F7A63AD32304A29C00150128 /* HarmonyGenerator.swift */; };
		F7A63AD62304A2AA00150128 /* HarmonyGeneratorImpl.swift in Sources */ = {isa = PBXBuildFile; fileRef = F7A63AD52304A2AA00150128 /* HarmonyGeneratorImpl.swift */; };
		F7B669B62305E1F300E08F24 /* DroneConfigurator.swift in Sources */ = {isa = PBXBuildFile; fileRef = F7B669B52305E1F300E08F24 /* DroneConfigurator.swift */; };
		F7B669B82305E33D00E08F24 /* DroneViewRouter.swift in Sources */ = {isa = PBXBuildFile; fileRef = F7B669B72305E33D00E08F24 /* DroneViewRouter.swift */; };
		F7B6FD0F23033C7D0078C022 /* BaseView.swift in Sources */ = {isa = PBXBuildFile; fileRef = F7B6FD0E23033C7D0078C022 /* BaseView.swift */; };
		F7B6FD112303406D0078C022 /* BasePresenter.swift in Sources */ = {isa = PBXBuildFile; fileRef = F7B6FD102303406D0078C022 /* BasePresenter.swift */; };
		F7B6FD15230342E00078C022 /* DronePresenter.swift in Sources */ = {isa = PBXBuildFile; fileRef = F7B6FD14230342E00078C022 /* DronePresenter.swift */; };
		F7FA2C5F22F0800D00E740A8 /* NoteTests.swift in Sources */ = {isa = PBXBuildFile; fileRef = F7FA2C5E22F0800D00E740A8 /* NoteTests.swift */; };
		F7FB3C482305D4D300511860 /* KeyFinderImplTests.swift in Sources */ = {isa = PBXBuildFile; fileRef = F78D9F412305C558007477BD /* KeyFinderImplTests.swift */; };
		F7FB3C502305D52B00511860 /* SmartDroneModelTests.swift in Sources */ = {isa = PBXBuildFile; fileRef = F7FB3C4F2305D52B00511860 /* SmartDroneModelTests.swift */; };
/* End PBXBuildFile section */

/* Begin PBXContainerItemProxy section */
		F75627982322D81300E3F78C /* PBXContainerItemProxy */ = {
			isa = PBXContainerItemProxy;
			containerPortal = F75627942322D81300E3F78C /* MidiDriver.xcodeproj */;
			proxyType = 2;
			remoteGlobalIDString = F75627632321B9C200E3F78C;
			remoteInfo = MidiDriver;
		};
		F75627A02322D90500E3F78C /* PBXContainerItemProxy */ = {
			isa = PBXContainerItemProxy;
			containerPortal = F75627942322D81300E3F78C /* MidiDriver.xcodeproj */;
			proxyType = 1;
			remoteGlobalIDString = F75627622321B9C200E3F78C;
			remoteInfo = MidiDriver;
		};
		F77BC90722F0633B00296789 /* PBXContainerItemProxy */ = {
			isa = PBXContainerItemProxy;
			containerPortal = F77BC8EA22F0630900296789 /* Project object */;
			proxyType = 1;
			remoteGlobalIDString = F77BC8F122F0630900296789;
			remoteInfo = SmartDrone;
		};
		F79FF10022F06F6F00DE5E38 /* PBXContainerItemProxy */ = {
			isa = PBXContainerItemProxy;
			containerPortal = F79FF0FB22F06F6F00DE5E38 /* KeyFinder.xcodeproj */;
			proxyType = 2;
			remoteGlobalIDString = F74A0A2722E87DF900AF35A6;
			remoteInfo = KeyFinder;
		};
		F79FF10222F06F6F00DE5E38 /* PBXContainerItemProxy */ = {
			isa = PBXContainerItemProxy;
			containerPortal = F79FF0FB22F06F6F00DE5E38 /* KeyFinder.xcodeproj */;
			proxyType = 2;
			remoteGlobalIDString = F77BC8CB22E8B65D00296789;
			remoteInfo = KeyFinderTests;
		};
		F79FF10622F06FDC00DE5E38 /* PBXContainerItemProxy */ = {
			isa = PBXContainerItemProxy;
			containerPortal = F79FF0FB22F06F6F00DE5E38 /* KeyFinder.xcodeproj */;
			proxyType = 1;
			remoteGlobalIDString = F74A0A2622E87DF800AF35A6;
			remoteInfo = KeyFinder;
		};
		F79FF10C22F0738B00DE5E38 /* PBXContainerItemProxy */ = {
			isa = PBXContainerItemProxy;
			containerPortal = F79FF0FB22F06F6F00DE5E38 /* KeyFinder.xcodeproj */;
			proxyType = 1;
			remoteGlobalIDString = F74A0A2622E87DF800AF35A6;
			remoteInfo = KeyFinder;
		};
		F7FB3C522305D52B00511860 /* PBXContainerItemProxy */ = {
			isa = PBXContainerItemProxy;
			containerPortal = F77BC8EA22F0630900296789 /* Project object */;
			proxyType = 1;
			remoteGlobalIDString = F77BC8F122F0630900296789;
			remoteInfo = SmartDrone;
		};
/* End PBXContainerItemProxy section */

/* Begin PBXCopyFilesBuildPhase section */
		F79FF10822F06FDC00DE5E38 /* Embed Frameworks */ = {
			isa = PBXCopyFilesBuildPhase;
			buildActionMask = 2147483647;
			dstPath = "";
			dstSubfolderSpec = 10;
			files = (
				F79FF10522F06FDC00DE5E38 /* KeyFinder.framework in Embed Frameworks */,
				F756279D2322D8B900E3F78C /* MidiDriver.framework in Embed Frameworks */,
			);
			name = "Embed Frameworks";
			runOnlyForDeploymentPostprocessing = 0;
		};
/* End PBXCopyFilesBuildPhase section */

/* Begin PBXFileReference section */
		21BC8F5174F46595340B5155 /* Pods-SmartDrone.debug.xcconfig */ = {isa = PBXFileReference; includeInIndex = 1; lastKnownFileType = text.xcconfig; name = "Pods-SmartDrone.debug.xcconfig"; path = "Target Support Files/Pods-SmartDrone/Pods-SmartDrone.debug.xcconfig"; sourceTree = "<group>"; };
		922E12DE0DF72F47627B6F75 /* Pods_SmartDrone.framework */ = {isa = PBXFileReference; explicitFileType = wrapper.framework; includeInIndex = 0; path = Pods_SmartDrone.framework; sourceTree = BUILT_PRODUCTS_DIR; };
		D32658597F64D95A70B86BD0 /* Pods-SmartDrone.release.xcconfig */ = {isa = PBXFileReference; includeInIndex = 1; lastKnownFileType = text.xcconfig; name = "Pods-SmartDrone.release.xcconfig"; path = "Target Support Files/Pods-SmartDrone/Pods-SmartDrone.release.xcconfig"; sourceTree = "<group>"; };
		F75627942322D81300E3F78C /* MidiDriver.xcodeproj */ = {isa = PBXFileReference; lastKnownFileType = "wrapper.pb-project"; name = MidiDriver.xcodeproj; path = ../../../MidiDriver/MidiDriver/MidiDriver.xcodeproj; sourceTree = "<group>"; };
		F75F3F232337E28D00FA995A /* AudioPlayer.swift */ = {isa = PBXFileReference; lastKnownFileType = sourcecode.swift; path = AudioPlayer.swift; sourceTree = SOURCE_ROOT; };
		F75F3F262337E2AC00FA995A /* AudioPlayerImpl.swift */ = {isa = PBXFileReference; lastKnownFileType = sourcecode.swift; path = AudioPlayerImpl.swift; sourceTree = SOURCE_ROOT; };
		F75F3F282337E2D400FA995A /* NoteProcessor.swift */ = {isa = PBXFileReference; lastKnownFileType = sourcecode.swift; path = NoteProcessor.swift; sourceTree = SOURCE_ROOT; };
		F75F3F2A2337E2EC00FA995A /* NoteProcessorImpl.swift */ = {isa = PBXFileReference; lastKnownFileType = sourcecode.swift; path = NoteProcessorImpl.swift; sourceTree = SOURCE_ROOT; };
		F75F3F2C2337E30600FA995A /* NoteProcessorObserver.swift */ = {isa = PBXFileReference; lastKnownFileType = sourcecode.swift; path = NoteProcessorObserver.swift; sourceTree = SOURCE_ROOT; };
		F75F3F2E2337E32800FA995A /* PitchConverter.swift */ = {isa = PBXFileReference; lastKnownFileType = sourcecode.swift; path = PitchConverter.swift; sourceTree = SOURCE_ROOT; };
		F77BC8F222F0630900296789 /* SmartDrone.app */ = {isa = PBXFileReference; explicitFileType = wrapper.application; includeInIndex = 0; path = SmartDrone.app; sourceTree = BUILT_PRODUCTS_DIR; };
		F77BC8F522F0630900296789 /* AppDelegate.swift */ = {isa = PBXFileReference; lastKnownFileType = sourcecode.swift; path = AppDelegate.swift; sourceTree = "<group>"; };
		F77BC8F722F0630900296789 /* DroneViewController.swift */ = {isa = PBXFileReference; lastKnownFileType = sourcecode.swift; path = DroneViewController.swift; sourceTree = "<group>"; };
		F77BC8FA22F0630A00296789 /* Base */ = {isa = PBXFileReference; lastKnownFileType = file.storyboard; name = Base; path = Base.lproj/Main.storyboard; sourceTree = "<group>"; };
		F77BC8FC22F0633900296789 /* Assets.xcassets */ = {isa = PBXFileReference; lastKnownFileType = folder.assetcatalog; path = Assets.xcassets; sourceTree = "<group>"; };
		F77BC8FF22F0633900296789 /* Base */ = {isa = PBXFileReference; lastKnownFileType = file.storyboard; name = Base; path = Base.lproj/LaunchScreen.storyboard; sourceTree = "<group>"; };
		F77BC90122F0633900296789 /* Info.plist */ = {isa = PBXFileReference; lastKnownFileType = text.plist.xml; path = Info.plist; sourceTree = "<group>"; };
		F77BC90622F0633B00296789 /* SmartDroneTests.xctest */ = {isa = PBXFileReference; explicitFileType = wrapper.cfbundle; includeInIndex = 0; path = SmartDroneTests.xctest; sourceTree = BUILT_PRODUCTS_DIR; };
		F77BC90A22F0633B00296789 /* SmartDroneTests.swift */ = {isa = PBXFileReference; lastKnownFileType = sourcecode.swift; path = SmartDroneTests.swift; sourceTree = "<group>"; };
		F77BC90C22F0633B00296789 /* Info.plist */ = {isa = PBXFileReference; lastKnownFileType = text.plist.xml; path = Info.plist; sourceTree = "<group>"; };
		F7816D9822FC836500A58486 /* MajorModeTests.swift */ = {isa = PBXFileReference; lastKnownFileType = sourcecode.swift; path = MajorModeTests.swift; sourceTree = "<group>"; };
		F78D092C22FC958D0077EAB5 /* MelodicMinorModeTests.swift */ = {isa = PBXFileReference; lastKnownFileType = sourcecode.swift; path = MelodicMinorModeTests.swift; sourceTree = "<group>"; };
		F78D093122FC9B790077EAB5 /* NoteCollectionTests.swift */ = {isa = PBXFileReference; lastKnownFileType = sourcecode.swift; path = NoteCollectionTests.swift; sourceTree = "<group>"; };
		F78D093522FCA15C0077EAB5 /* ModeCollectionTests.swift */ = {isa = PBXFileReference; lastKnownFileType = sourcecode.swift; path = ModeCollectionTests.swift; sourceTree = "<group>"; };
		F78D9F2D230570AF007477BD /* DroneRepository.swift */ = {isa = PBXFileReference; lastKnownFileType = sourcecode.swift; path = DroneRepository.swift; sourceTree = "<group>"; };
		F78D9F3023057151007477BD /* DroneRepositoryImpl.swift */ = {isa = PBXFileReference; lastKnownFileType = sourcecode.swift; path = DroneRepositoryImpl.swift; sourceTree = "<group>"; };
		F78D9F3B2305757F007477BD /* KeyChangeObservable.swift */ = {isa = PBXFileReference; lastKnownFileType = sourcecode.swift; path = KeyChangeObservable.swift; sourceTree = "<group>"; };
		F78D9F3D23057598007477BD /* KeyChangeObserver.swift */ = {isa = PBXFileReference; lastKnownFileType = sourcecode.swift; path = KeyChangeObserver.swift; sourceTree = "<group>"; };
		F78D9F412305C558007477BD /* KeyFinderImplTests.swift */ = {isa = PBXFileReference; lastKnownFileType = sourcecode.swift; path = KeyFinderImplTests.swift; sourceTree = "<group>"; };
		F79B493D22FDD8BA00B0B915 /* ActiveNoteListTests.swift */ = {isa = PBXFileReference; lastKnownFileType = sourcecode.swift; path = ActiveNoteListTests.swift; sourceTree = "<group>"; };
		F79B494022FDE9DC00B0B915 /* KeyTests.swift */ = {isa = PBXFileReference; lastKnownFileType = sourcecode.swift; path = KeyTests.swift; sourceTree = "<group>"; };
		F79B494622FDFA3400B0B915 /* KeyFinder.swift */ = {isa = PBXFileReference; lastKnownFileType = sourcecode.swift; path = KeyFinder.swift; sourceTree = "<group>"; };
		F79B494822FDFA4000B0B915 /* KeyFinderImpl.swift */ = {isa = PBXFileReference; lastKnownFileType = sourcecode.swift; path = KeyFinderImpl.swift; sourceTree = "<group>"; };
		F79B49502301AB1600B0B915 /* ToneTests.swift */ = {isa = PBXFileReference; lastKnownFileType = sourcecode.swift; path = ToneTests.swift; sourceTree = "<group>"; };
		F79B49542301B42C00B0B915 /* VoicingTemplateTests.swift */ = {isa = PBXFileReference; lastKnownFileType = sourcecode.swift; path = VoicingTemplateTests.swift; sourceTree = "<group>"; };
		F79B49582301C0CB00B0B915 /* MusicTheoryTests.swift */ = {isa = PBXFileReference; lastKnownFileType = sourcecode.swift; path = MusicTheoryTests.swift; sourceTree = "<group>"; };
		F79B495A2301CD6500B0B915 /* VoicingTests.swift */ = {isa = PBXFileReference; lastKnownFileType = sourcecode.swift; path = VoicingTests.swift; sourceTree = "<group>"; };
		F79FF0FB22F06F6F00DE5E38 /* KeyFinder.xcodeproj */ = {isa = PBXFileReference; lastKnownFileType = "wrapper.pb-project"; name = KeyFinder.xcodeproj; path = "../../../KeyFinder/KeyFinder-ios/KeyFinder.xcodeproj"; sourceTree = "<group>"; };
		F7A63ACF230485BA00150128 /* NoteFilter.swift */ = {isa = PBXFileReference; lastKnownFileType = sourcecode.swift; path = NoteFilter.swift; sourceTree = "<group>"; };
		F7A63AD1230486E400150128 /* NoteFilterImpl.swift */ = {isa = PBXFileReference; lastKnownFileType = sourcecode.swift; path = NoteFilterImpl.swift; sourceTree = "<group>"; };
		F7A63AD32304A29C00150128 /* HarmonyGenerator.swift */ = {isa = PBXFileReference; lastKnownFileType = sourcecode.swift; path = HarmonyGenerator.swift; sourceTree = "<group>"; };
		F7A63AD52304A2AA00150128 /* HarmonyGeneratorImpl.swift */ = {isa = PBXFileReference; lastKnownFileType = sourcecode.swift; path = HarmonyGeneratorImpl.swift; sourceTree = "<group>"; };
		F7B669B52305E1F300E08F24 /* DroneConfigurator.swift */ = {isa = PBXFileReference; lastKnownFileType = sourcecode.swift; path = DroneConfigurator.swift; sourceTree = "<group>"; };
		F7B669B72305E33D00E08F24 /* DroneViewRouter.swift */ = {isa = PBXFileReference; lastKnownFileType = sourcecode.swift; path = DroneViewRouter.swift; sourceTree = "<group>"; };
		F7B6FD0E23033C7D0078C022 /* BaseView.swift */ = {isa = PBXFileReference; lastKnownFileType = sourcecode.swift; path = BaseView.swift; sourceTree = "<group>"; };
		F7B6FD102303406D0078C022 /* BasePresenter.swift */ = {isa = PBXFileReference; lastKnownFileType = sourcecode.swift; path = BasePresenter.swift; sourceTree = "<group>"; };
		F7B6FD14230342E00078C022 /* DronePresenter.swift */ = {isa = PBXFileReference; lastKnownFileType = sourcecode.swift; path = DronePresenter.swift; sourceTree = "<group>"; };
		F7FA2C5E22F0800D00E740A8 /* NoteTests.swift */ = {isa = PBXFileReference; lastKnownFileType = sourcecode.swift; path = NoteTests.swift; sourceTree = "<group>"; };
		F7FB3C4D2305D52B00511860 /* SmartDroneModelTests.xctest */ = {isa = PBXFileReference; explicitFileType = wrapper.cfbundle; includeInIndex = 0; path = SmartDroneModelTests.xctest; sourceTree = BUILT_PRODUCTS_DIR; };
		F7FB3C4F2305D52B00511860 /* SmartDroneModelTests.swift */ = {isa = PBXFileReference; lastKnownFileType = sourcecode.swift; path = SmartDroneModelTests.swift; sourceTree = "<group>"; };
		F7FB3C512305D52B00511860 /* Info.plist */ = {isa = PBXFileReference; lastKnownFileType = text.plist.xml; path = Info.plist; sourceTree = "<group>"; };
/* End PBXFileReference section */

/* Begin PBXFrameworksBuildPhase section */
		F77BC8EF22F0630900296789 /* Frameworks */ = {
			isa = PBXFrameworksBuildPhase;
			buildActionMask = 2147483647;
			files = (
				F79FF10422F06FDC00DE5E38 /* KeyFinder.framework in Frameworks */,
				F756279F2322D8CB00E3F78C /* MidiDriver.framework in Frameworks */,
				511842C82BB32CD3E4A19A2B /* Pods_SmartDrone.framework in Frameworks */,
			);
			runOnlyForDeploymentPostprocessing = 0;
		};
		F77BC90322F0633B00296789 /* Frameworks */ = {
			isa = PBXFrameworksBuildPhase;
			buildActionMask = 2147483647;
			files = (
				F79FF10B22F0733B00DE5E38 /* KeyFinder.framework in Frameworks */,
			);
			runOnlyForDeploymentPostprocessing = 0;
		};
		F7FB3C4A2305D52B00511860 /* Frameworks */ = {
			isa = PBXFrameworksBuildPhase;
			buildActionMask = 2147483647;
			files = (
			);
			runOnlyForDeploymentPostprocessing = 0;
		};
/* End PBXFrameworksBuildPhase section */

/* Begin PBXGroup section */
		F75627952322D81300E3F78C /* Products */ = {
			isa = PBXGroup;
			children = (
				F75627992322D81300E3F78C /* MidiDriver.framework */,
			);
			name = Products;
			sourceTree = "<group>";
		};
		F77BC8E922F0630900296789 = {
			isa = PBXGroup;
			children = (
				F75627942322D81300E3F78C /* MidiDriver.xcodeproj */,
				F79FF0FB22F06F6F00DE5E38 /* KeyFinder.xcodeproj */,
				F77BC8F422F0630900296789 /* SmartDrone */,
				F77BC90922F0633B00296789 /* SmartDroneTests */,
				F7FB3C4E2305D52B00511860 /* SmartDroneModelTests */,
				F77BC8F322F0630900296789 /* Products */,
				F77BC92322F0643D00296789 /* Frameworks */,
				FCC404FB5845F0677206D959 /* Pods */,
			);
			sourceTree = "<group>";
		};
		F77BC8F322F0630900296789 /* Products */ = {
			isa = PBXGroup;
			children = (
				F77BC8F222F0630900296789 /* SmartDrone.app */,
				F77BC90622F0633B00296789 /* SmartDroneTests.xctest */,
				F7FB3C4D2305D52B00511860 /* SmartDroneModelTests.xctest */,
			);
			name = Products;
			sourceTree = "<group>";
		};
		F77BC8F422F0630900296789 /* SmartDrone */ = {
			isa = PBXGroup;
			children = (
				F7B669B32305E14C00E08F24 /* scenes */,
				F78D9F34230574B1007477BD /* misc */,
				F79B494222FDF95C00B0B915 /* models */,
				F77BC8F522F0630900296789 /* AppDelegate.swift */,
				F77BC8F922F0630A00296789 /* Main.storyboard */,
				F77BC8FC22F0633900296789 /* Assets.xcassets */,
				F77BC8FE22F0633900296789 /* LaunchScreen.storyboard */,
				F77BC90122F0633900296789 /* Info.plist */,
			);
			path = SmartDrone;
			sourceTree = "<group>";
		};
		F77BC90922F0633B00296789 /* SmartDroneTests */ = {
			isa = PBXGroup;
			children = (
				F78D9F432305CF51007477BD /* ModelTests */,
				F77BC90A22F0633B00296789 /* SmartDroneTests.swift */,
				F77BC90C22F0633B00296789 /* Info.plist */,
				F7FA2C5E22F0800D00E740A8 /* NoteTests.swift */,
				F7816D9822FC836500A58486 /* MajorModeTests.swift */,
				F78D092C22FC958D0077EAB5 /* MelodicMinorModeTests.swift */,
				F78D093122FC9B790077EAB5 /* NoteCollectionTests.swift */,
				F78D093522FCA15C0077EAB5 /* ModeCollectionTests.swift */,
				F79B493D22FDD8BA00B0B915 /* ActiveNoteListTests.swift */,
				F79B494022FDE9DC00B0B915 /* KeyTests.swift */,
				F79B49502301AB1600B0B915 /* ToneTests.swift */,
				F79B49542301B42C00B0B915 /* VoicingTemplateTests.swift */,
				F79B49582301C0CB00B0B915 /* MusicTheoryTests.swift */,
				F79B495A2301CD6500B0B915 /* VoicingTests.swift */,
			);
			path = SmartDroneTests;
			sourceTree = "<group>";
		};
		F77BC92322F0643D00296789 /* Frameworks */ = {
			isa = PBXGroup;
			children = (
				922E12DE0DF72F47627B6F75 /* Pods_SmartDrone.framework */,
			);
			name = Frameworks;
			sourceTree = "<group>";
		};
		F78D9F34230574B1007477BD /* misc */ = {
			isa = PBXGroup;
			children = (
				F7B6FD0E23033C7D0078C022 /* BaseView.swift */,
				F7B6FD102303406D0078C022 /* BasePresenter.swift */,
				F78D9F3B2305757F007477BD /* KeyChangeObservable.swift */,
				F78D9F3D23057598007477BD /* KeyChangeObserver.swift */,
			);
			path = misc;
			sourceTree = "<group>";
		};
		F78D9F432305CF51007477BD /* ModelTests */ = {
			isa = PBXGroup;
			children = (
				F78D9F412305C558007477BD /* KeyFinderImplTests.swift */,
			);
			path = ModelTests;
			sourceTree = "<group>";
		};
		F79B494222FDF95C00B0B915 /* models */ = {
			isa = PBXGroup;
			children = (
				F7A63ACE230484D700150128 /* dronerepository */,
				F7A63ACD230484BA00150128 /* noteprocessor */,
				F7A63ACC230484A300150128 /* audioplayer */,
				F7A63ACB2304848600150128 /* harmonygenerator */,
				F7A63AC92304847000150128 /* notefilter */,
				F79B494522FDF9FB00B0B915 /* keyfinder */,
			);
			path = models;
			sourceTree = "<group>";
		};
		F79B494522FDF9FB00B0B915 /* keyfinder */ = {
			isa = PBXGroup;
			children = (
				F79B494622FDFA3400B0B915 /* KeyFinder.swift */,
				F79B494822FDFA4000B0B915 /* KeyFinderImpl.swift */,
			);
			path = keyfinder;
			sourceTree = "<group>";
		};
		F79B497E23033B5500B0B915 /* drone */ = {
			isa = PBXGroup;
			children = (
				F77BC8F722F0630900296789 /* DroneViewController.swift */,
				F7B6FD14230342E00078C022 /* DronePresenter.swift */,
				F7B669B52305E1F300E08F24 /* DroneConfigurator.swift */,
				F7B669B72305E33D00E08F24 /* DroneViewRouter.swift */,
			);
			path = drone;
			sourceTree = "<group>";
		};
		F79FF0FC22F06F6F00DE5E38 /* Products */ = {
			isa = PBXGroup;
			children = (
				F79FF10122F06F6F00DE5E38 /* KeyFinder.framework */,
				F79FF10322F06F6F00DE5E38 /* KeyFinderTests.xctest */,
			);
			name = Products;
			sourceTree = "<group>";
		};
		F7A63AC92304847000150128 /* notefilter */ = {
			isa = PBXGroup;
			children = (
				F7A63ACF230485BA00150128 /* NoteFilter.swift */,
				F7A63AD1230486E400150128 /* NoteFilterImpl.swift */,
			);
			path = notefilter;
			sourceTree = "<group>";
		};
		F7A63ACB2304848600150128 /* harmonygenerator */ = {
			isa = PBXGroup;
			children = (
				F7A63AD32304A29C00150128 /* HarmonyGenerator.swift */,
				F7A63AD52304A2AA00150128 /* HarmonyGeneratorImpl.swift */,
			);
			path = harmonygenerator;
			sourceTree = "<group>";
		};
		F7A63ACC230484A300150128 /* audioplayer */ = {
			isa = PBXGroup;
			children = (
				F75F3F232337E28D00FA995A /* AudioPlayer.swift */,
				F75F3F262337E2AC00FA995A /* AudioPlayerImpl.swift */,
			);
			path = audioplayer;
			sourceTree = "<group>";
		};
		F7A63ACD230484BA00150128 /* noteprocessor */ = {
			isa = PBXGroup;
			children = (
				F75F3F282337E2D400FA995A /* NoteProcessor.swift */,
				F75F3F2A2337E2EC00FA995A /* NoteProcessorImpl.swift */,
				F75F3F2C2337E30600FA995A /* NoteProcessorObserver.swift */,
				F75F3F2E2337E32800FA995A /* PitchConverter.swift */,
			);
			path = noteprocessor;
			sourceTree = "<group>";
		};
		F7A63ACE230484D700150128 /* dronerepository */ = {
			isa = PBXGroup;
			children = (
				F78D9F2D230570AF007477BD /* DroneRepository.swift */,
				F78D9F3023057151007477BD /* DroneRepositoryImpl.swift */,
			);
			path = dronerepository;
			sourceTree = "<group>";
		};
		F7B669B32305E14C00E08F24 /* scenes */ = {
			isa = PBXGroup;
			children = (
				F79B497E23033B5500B0B915 /* drone */,
			);
			path = scenes;
			sourceTree = "<group>";
		};
		F7FB3C4E2305D52B00511860 /* SmartDroneModelTests */ = {
			isa = PBXGroup;
			children = (
				F7FB3C4F2305D52B00511860 /* SmartDroneModelTests.swift */,
				F7FB3C512305D52B00511860 /* Info.plist */,
			);
			path = SmartDroneModelTests;
			sourceTree = "<group>";
		};
		FCC404FB5845F0677206D959 /* Pods */ = {
			isa = PBXGroup;
			children = (
				21BC8F5174F46595340B5155 /* Pods-SmartDrone.debug.xcconfig */,
				D32658597F64D95A70B86BD0 /* Pods-SmartDrone.release.xcconfig */,
			);
			path = Pods;
			sourceTree = "<group>";
		};
/* End PBXGroup section */

/* Begin PBXNativeTarget section */
		F77BC8F122F0630900296789 /* SmartDrone */ = {
			isa = PBXNativeTarget;
			buildConfigurationList = F77BC91A22F0633B00296789 /* Build configuration list for PBXNativeTarget "SmartDrone" */;
			buildPhases = (
				BD952993B45FBAC6CCE24F48 /* [CP] Check Pods Manifest.lock */,
				F77BC8EE22F0630900296789 /* Sources */,
				F77BC8EF22F0630900296789 /* Frameworks */,
				F77BC8F022F0630900296789 /* Resources */,
				F79FF10822F06FDC00DE5E38 /* Embed Frameworks */,
			);
			buildRules = (
			);
			dependencies = (
				F75627A12322D90500E3F78C /* PBXTargetDependency */,
				F79FF10722F06FDC00DE5E38 /* PBXTargetDependency */,
			);
			name = SmartDrone;
			productName = SmartDrone;
			productReference = F77BC8F222F0630900296789 /* SmartDrone.app */;
			productType = "com.apple.product-type.application";
		};
		F77BC90522F0633B00296789 /* SmartDroneTests */ = {
			isa = PBXNativeTarget;
			buildConfigurationList = F77BC91D22F0633B00296789 /* Build configuration list for PBXNativeTarget "SmartDroneTests" */;
			buildPhases = (
				F77BC90222F0633B00296789 /* Sources */,
				F77BC90322F0633B00296789 /* Frameworks */,
				F77BC90422F0633B00296789 /* Resources */,
			);
			buildRules = (
			);
			dependencies = (
				F79FF10D22F0738B00DE5E38 /* PBXTargetDependency */,
				F77BC90822F0633B00296789 /* PBXTargetDependency */,
			);
			name = SmartDroneTests;
			productName = SmartDroneTests;
			productReference = F77BC90622F0633B00296789 /* SmartDroneTests.xctest */;
			productType = "com.apple.product-type.bundle.unit-test";
		};
		F7FB3C4C2305D52B00511860 /* SmartDroneModelTests */ = {
			isa = PBXNativeTarget;
			buildConfigurationList = F7FB3C542305D52B00511860 /* Build configuration list for PBXNativeTarget "SmartDroneModelTests" */;
			buildPhases = (
				F7FB3C492305D52B00511860 /* Sources */,
				F7FB3C4A2305D52B00511860 /* Frameworks */,
				F7FB3C4B2305D52B00511860 /* Resources */,
			);
			buildRules = (
			);
			dependencies = (
				F7FB3C532305D52B00511860 /* PBXTargetDependency */,
			);
			name = SmartDroneModelTests;
			productName = SmartDroneModelTests;
			productReference = F7FB3C4D2305D52B00511860 /* SmartDroneModelTests.xctest */;
			productType = "com.apple.product-type.bundle.unit-test";
		};
/* End PBXNativeTarget section */

/* Begin PBXProject section */
		F77BC8EA22F0630900296789 /* Project object */ = {
			isa = PBXProject;
			attributes = {
				LastSwiftUpdateCheck = 1030;
				LastUpgradeCheck = 1030;
				ORGANIZATIONNAME = "Convergence Lab";
				TargetAttributes = {
					F77BC8F122F0630900296789 = {
						CreatedOnToolsVersion = 10.3;
					};
					F77BC90522F0633B00296789 = {
						CreatedOnToolsVersion = 10.3;
					};
					F7FB3C4C2305D52B00511860 = {
						CreatedOnToolsVersion = 10.3;
						TestTargetID = F77BC8F122F0630900296789;
					};
				};
			};
			buildConfigurationList = F77BC8ED22F0630900296789 /* Build configuration list for PBXProject "SmartDrone" */;
			compatibilityVersion = "Xcode 9.3";
			developmentRegion = en;
			hasScannedForEncodings = 0;
			knownRegions = (
				en,
				Base,
			);
			mainGroup = F77BC8E922F0630900296789;
			productRefGroup = F77BC8F322F0630900296789 /* Products */;
			projectDirPath = "";
			projectReferences = (
				{
					ProductGroup = F79FF0FC22F06F6F00DE5E38 /* Products */;
					ProjectRef = F79FF0FB22F06F6F00DE5E38 /* KeyFinder.xcodeproj */;
				},
				{
					ProductGroup = F75627952322D81300E3F78C /* Products */;
					ProjectRef = F75627942322D81300E3F78C /* MidiDriver.xcodeproj */;
				},
			);
			projectRoot = "";
			targets = (
				F77BC8F122F0630900296789 /* SmartDrone */,
				F77BC90522F0633B00296789 /* SmartDroneTests */,
				F7FB3C4C2305D52B00511860 /* SmartDroneModelTests */,
			);
		};
/* End PBXProject section */

/* Begin PBXReferenceProxy section */
		F75627992322D81300E3F78C /* MidiDriver.framework */ = {
			isa = PBXReferenceProxy;
			fileType = wrapper.framework;
			path = MidiDriver.framework;
			remoteRef = F75627982322D81300E3F78C /* PBXContainerItemProxy */;
			sourceTree = BUILT_PRODUCTS_DIR;
		};
		F79FF10122F06F6F00DE5E38 /* KeyFinder.framework */ = {
			isa = PBXReferenceProxy;
			fileType = wrapper.framework;
			path = KeyFinder.framework;
			remoteRef = F79FF10022F06F6F00DE5E38 /* PBXContainerItemProxy */;
			sourceTree = BUILT_PRODUCTS_DIR;
		};
		F79FF10322F06F6F00DE5E38 /* KeyFinderTests.xctest */ = {
			isa = PBXReferenceProxy;
			fileType = wrapper.cfbundle;
			path = KeyFinderTests.xctest;
			remoteRef = F79FF10222F06F6F00DE5E38 /* PBXContainerItemProxy */;
			sourceTree = BUILT_PRODUCTS_DIR;
		};
/* End PBXReferenceProxy section */

/* Begin PBXResourcesBuildPhase section */
		F77BC8F022F0630900296789 /* Resources */ = {
			isa = PBXResourcesBuildPhase;
			buildActionMask = 2147483647;
			files = (
				F77BC90022F0633900296789 /* LaunchScreen.storyboard in Resources */,
				F77BC8FD22F0633900296789 /* Assets.xcassets in Resources */,
				F77BC8FB22F0630A00296789 /* Main.storyboard in Resources */,
			);
			runOnlyForDeploymentPostprocessing = 0;
		};
		F77BC90422F0633B00296789 /* Resources */ = {
			isa = PBXResourcesBuildPhase;
			buildActionMask = 2147483647;
			files = (
			);
			runOnlyForDeploymentPostprocessing = 0;
		};
		F7FB3C4B2305D52B00511860 /* Resources */ = {
			isa = PBXResourcesBuildPhase;
			buildActionMask = 2147483647;
			files = (
			);
			runOnlyForDeploymentPostprocessing = 0;
		};
/* End PBXResourcesBuildPhase section */

/* Begin PBXShellScriptBuildPhase section */
		BD952993B45FBAC6CCE24F48 /* [CP] Check Pods Manifest.lock */ = {
			isa = PBXShellScriptBuildPhase;
			buildActionMask = 2147483647;
			files = (
			);
			inputFileListPaths = (
			);
			inputPaths = (
				"${PODS_PODFILE_DIR_PATH}/Podfile.lock",
				"${PODS_ROOT}/Manifest.lock",
			);
			name = "[CP] Check Pods Manifest.lock";
			outputFileListPaths = (
			);
			outputPaths = (
				"$(DERIVED_FILE_DIR)/Pods-SmartDrone-checkManifestLockResult.txt",
			);
			runOnlyForDeploymentPostprocessing = 0;
			shellPath = /bin/sh;
			shellScript = "diff \"${PODS_PODFILE_DIR_PATH}/Podfile.lock\" \"${PODS_ROOT}/Manifest.lock\" > /dev/null\nif [ $? != 0 ] ; then\n    # print error to STDERR\n    echo \"error: The sandbox is not in sync with the Podfile.lock. Run 'pod install' or update your CocoaPods installation.\" >&2\n    exit 1\nfi\n# This output is used by Xcode 'outputs' to avoid re-running this script phase.\necho \"SUCCESS\" > \"${SCRIPT_OUTPUT_FILE_0}\"\n";
			showEnvVarsInLog = 0;
		};
/* End PBXShellScriptBuildPhase section */

/* Begin PBXSourcesBuildPhase section */
		F77BC8EE22F0630900296789 /* Sources */ = {
			isa = PBXSourcesBuildPhase;
			buildActionMask = 2147483647;
			files = (
				F77BC8F822F0630900296789 /* DroneViewController.swift in Sources */,
				F7B6FD112303406D0078C022 /* BasePresenter.swift in Sources */,
				F78D9F3E23057598007477BD /* KeyChangeObserver.swift in Sources */,
				F78D9F3123057151007477BD /* DroneRepositoryImpl.swift in Sources */,
				F75F3F2D2337E30600FA995A /* NoteProcessorObserver.swift in Sources */,
				F75F3F2B2337E2EC00FA995A /* NoteProcessorImpl.swift in Sources */,
				F75F3F2F2337E32800FA995A /* PitchConverter.swift in Sources */,
				F75F3F292337E2D400FA995A /* NoteProcessor.swift in Sources */,
				F7A63AD42304A29C00150128 /* HarmonyGenerator.swift in Sources */,
				F79B494922FDFA4000B0B915 /* KeyFinderImpl.swift in Sources */,
				F78D9F2E230570AF007477BD /* DroneRepository.swift in Sources */,
				F78D9F3C2305757F007477BD /* KeyChangeObservable.swift in Sources */,
				F7B6FD0F23033C7D0078C022 /* BaseView.swift in Sources */,
				F7A63AD62304A2AA00150128 /* HarmonyGeneratorImpl.swift in Sources */,
				F77BC8F622F0630900296789 /* AppDelegate.swift in Sources */,
				F75F3F242337E28D00FA995A /* AudioPlayer.swift in Sources */,
				F7B6FD15230342E00078C022 /* DronePresenter.swift in Sources */,
				F79B494722FDFA3400B0B915 /* KeyFinder.swift in Sources */,
				F7B669B82305E33D00E08F24 /* DroneViewRouter.swift in Sources */,
				F7B669B62305E1F300E08F24 /* DroneConfigurator.swift in Sources */,
				F7A63AD0230485BA00150128 /* NoteFilter.swift in Sources */,
				F75F3F272337E2AC00FA995A /* AudioPlayerImpl.swift in Sources */,
				F7A63AD2230486E400150128 /* NoteFilterImpl.swift in Sources */,
			);
			runOnlyForDeploymentPostprocessing = 0;
		};
		F77BC90222F0633B00296789 /* Sources */ = {
			isa = PBXSourcesBuildPhase;
			buildActionMask = 2147483647;
			files = (
				F78D092D22FC958D0077EAB5 /* MelodicMinorModeTests.swift in Sources */,
				F7816D9922FC836500A58486 /* MajorModeTests.swift in Sources */,
				F78D093622FCA15C0077EAB5 /* ModeCollectionTests.swift in Sources */,
				F79B493E22FDD8BA00B0B915 /* ActiveNoteListTests.swift in Sources */,
				F79B49592301C0CB00B0B915 /* MusicTheoryTests.swift in Sources */,
				F79B49512301AB1600B0B915 /* ToneTests.swift in Sources */,
				F78D093222FC9B790077EAB5 /* NoteCollectionTests.swift in Sources */,
				F7FB3C482305D4D300511860 /* KeyFinderImplTests.swift in Sources */,
				F79B495B2301CD6500B0B915 /* VoicingTests.swift in Sources */,
				F79B494122FDE9DC00B0B915 /* KeyTests.swift in Sources */,
				F77BC90B22F0633B00296789 /* SmartDroneTests.swift in Sources */,
				F7FA2C5F22F0800D00E740A8 /* NoteTests.swift in Sources */,
				F79B49552301B42C00B0B915 /* VoicingTemplateTests.swift in Sources */,
			);
			runOnlyForDeploymentPostprocessing = 0;
		};
		F7FB3C492305D52B00511860 /* Sources */ = {
			isa = PBXSourcesBuildPhase;
			buildActionMask = 2147483647;
			files = (
				F7FB3C502305D52B00511860 /* SmartDroneModelTests.swift in Sources */,
			);
			runOnlyForDeploymentPostprocessing = 0;
		};
/* End PBXSourcesBuildPhase section */

/* Begin PBXTargetDependency section */
		F75627A12322D90500E3F78C /* PBXTargetDependency */ = {
			isa = PBXTargetDependency;
			name = MidiDriver;
			targetProxy = F75627A02322D90500E3F78C /* PBXContainerItemProxy */;
		};
		F77BC90822F0633B00296789 /* PBXTargetDependency */ = {
			isa = PBXTargetDependency;
			target = F77BC8F122F0630900296789 /* SmartDrone */;
			targetProxy = F77BC90722F0633B00296789 /* PBXContainerItemProxy */;
		};
		F79FF10722F06FDC00DE5E38 /* PBXTargetDependency */ = {
			isa = PBXTargetDependency;
			name = KeyFinder;
			targetProxy = F79FF10622F06FDC00DE5E38 /* PBXContainerItemProxy */;
		};
		F79FF10D22F0738B00DE5E38 /* PBXTargetDependency */ = {
			isa = PBXTargetDependency;
			name = KeyFinder;
			targetProxy = F79FF10C22F0738B00DE5E38 /* PBXContainerItemProxy */;
		};
		F7FB3C532305D52B00511860 /* PBXTargetDependency */ = {
			isa = PBXTargetDependency;
			target = F77BC8F122F0630900296789 /* SmartDrone */;
			targetProxy = F7FB3C522305D52B00511860 /* PBXContainerItemProxy */;
		};
/* End PBXTargetDependency section */

/* Begin PBXVariantGroup section */
		F77BC8F922F0630A00296789 /* Main.storyboard */ = {
			isa = PBXVariantGroup;
			children = (
				F77BC8FA22F0630A00296789 /* Base */,
			);
			name = Main.storyboard;
			sourceTree = "<group>";
		};
		F77BC8FE22F0633900296789 /* LaunchScreen.storyboard */ = {
			isa = PBXVariantGroup;
			children = (
				F77BC8FF22F0633900296789 /* Base */,
			);
			name = LaunchScreen.storyboard;
			sourceTree = "<group>";
		};
/* End PBXVariantGroup section */

/* Begin XCBuildConfiguration section */
		F77BC91822F0633B00296789 /* Debug */ = {
			isa = XCBuildConfiguration;
			buildSettings = {
				ALWAYS_SEARCH_USER_PATHS = NO;
				CLANG_ANALYZER_NONNULL = YES;
				CLANG_ANALYZER_NUMBER_OBJECT_CONVERSION = YES_AGGRESSIVE;
				CLANG_CXX_LANGUAGE_STANDARD = "gnu++14";
				CLANG_CXX_LIBRARY = "libc++";
				CLANG_ENABLE_MODULES = YES;
				CLANG_ENABLE_OBJC_ARC = YES;
				CLANG_ENABLE_OBJC_WEAK = YES;
				CLANG_WARN_BLOCK_CAPTURE_AUTORELEASING = YES;
				CLANG_WARN_BOOL_CONVERSION = YES;
				CLANG_WARN_COMMA = YES;
				CLANG_WARN_CONSTANT_CONVERSION = YES;
				CLANG_WARN_DEPRECATED_OBJC_IMPLEMENTATIONS = YES;
				CLANG_WARN_DIRECT_OBJC_ISA_USAGE = YES_ERROR;
				CLANG_WARN_DOCUMENTATION_COMMENTS = YES;
				CLANG_WARN_EMPTY_BODY = YES;
				CLANG_WARN_ENUM_CONVERSION = YES;
				CLANG_WARN_INFINITE_RECURSION = YES;
				CLANG_WARN_INT_CONVERSION = YES;
				CLANG_WARN_NON_LITERAL_NULL_CONVERSION = YES;
				CLANG_WARN_OBJC_IMPLICIT_RETAIN_SELF = YES;
				CLANG_WARN_OBJC_LITERAL_CONVERSION = YES;
				CLANG_WARN_OBJC_ROOT_CLASS = YES_ERROR;
				CLANG_WARN_RANGE_LOOP_ANALYSIS = YES;
				CLANG_WARN_STRICT_PROTOTYPES = YES;
				CLANG_WARN_SUSPICIOUS_MOVE = YES;
				CLANG_WARN_UNGUARDED_AVAILABILITY = YES_AGGRESSIVE;
				CLANG_WARN_UNREACHABLE_CODE = YES;
				CLANG_WARN__DUPLICATE_METHOD_MATCH = YES;
				CODE_SIGN_IDENTITY = "iPhone Developer";
				COPY_PHASE_STRIP = NO;
				DEBUG_INFORMATION_FORMAT = dwarf;
				ENABLE_STRICT_OBJC_MSGSEND = YES;
				ENABLE_TESTABILITY = YES;
				GCC_C_LANGUAGE_STANDARD = gnu11;
				GCC_DYNAMIC_NO_PIC = NO;
				GCC_NO_COMMON_BLOCKS = YES;
				GCC_OPTIMIZATION_LEVEL = 0;
				GCC_PREPROCESSOR_DEFINITIONS = (
					"DEBUG=1",
					"$(inherited)",
				);
				GCC_WARN_64_TO_32_BIT_CONVERSION = YES;
				GCC_WARN_ABOUT_RETURN_TYPE = YES_ERROR;
				GCC_WARN_UNDECLARED_SELECTOR = YES;
				GCC_WARN_UNINITIALIZED_AUTOS = YES_AGGRESSIVE;
				GCC_WARN_UNUSED_FUNCTION = YES;
				GCC_WARN_UNUSED_VARIABLE = YES;
				IPHONEOS_DEPLOYMENT_TARGET = 12.4;
				MTL_ENABLE_DEBUG_INFO = INCLUDE_SOURCE;
				MTL_FAST_MATH = YES;
				ONLY_ACTIVE_ARCH = YES;
				SDKROOT = iphoneos;
				SWIFT_ACTIVE_COMPILATION_CONDITIONS = DEBUG;
				SWIFT_OPTIMIZATION_LEVEL = "-Onone";
			};
			name = Debug;
		};
		F77BC91922F0633B00296789 /* Release */ = {
			isa = XCBuildConfiguration;
			buildSettings = {
				ALWAYS_SEARCH_USER_PATHS = NO;
				CLANG_ANALYZER_NONNULL = YES;
				CLANG_ANALYZER_NUMBER_OBJECT_CONVERSION = YES_AGGRESSIVE;
				CLANG_CXX_LANGUAGE_STANDARD = "gnu++14";
				CLANG_CXX_LIBRARY = "libc++";
				CLANG_ENABLE_MODULES = YES;
				CLANG_ENABLE_OBJC_ARC = YES;
				CLANG_ENABLE_OBJC_WEAK = YES;
				CLANG_WARN_BLOCK_CAPTURE_AUTORELEASING = YES;
				CLANG_WARN_BOOL_CONVERSION = YES;
				CLANG_WARN_COMMA = YES;
				CLANG_WARN_CONSTANT_CONVERSION = YES;
				CLANG_WARN_DEPRECATED_OBJC_IMPLEMENTATIONS = YES;
				CLANG_WARN_DIRECT_OBJC_ISA_USAGE = YES_ERROR;
				CLANG_WARN_DOCUMENTATION_COMMENTS = YES;
				CLANG_WARN_EMPTY_BODY = YES;
				CLANG_WARN_ENUM_CONVERSION = YES;
				CLANG_WARN_INFINITE_RECURSION = YES;
				CLANG_WARN_INT_CONVERSION = YES;
				CLANG_WARN_NON_LITERAL_NULL_CONVERSION = YES;
				CLANG_WARN_OBJC_IMPLICIT_RETAIN_SELF = YES;
				CLANG_WARN_OBJC_LITERAL_CONVERSION = YES;
				CLANG_WARN_OBJC_ROOT_CLASS = YES_ERROR;
				CLANG_WARN_RANGE_LOOP_ANALYSIS = YES;
				CLANG_WARN_STRICT_PROTOTYPES = YES;
				CLANG_WARN_SUSPICIOUS_MOVE = YES;
				CLANG_WARN_UNGUARDED_AVAILABILITY = YES_AGGRESSIVE;
				CLANG_WARN_UNREACHABLE_CODE = YES;
				CLANG_WARN__DUPLICATE_METHOD_MATCH = YES;
				CODE_SIGN_IDENTITY = "iPhone Developer";
				COPY_PHASE_STRIP = NO;
				DEBUG_INFORMATION_FORMAT = "dwarf-with-dsym";
				ENABLE_NS_ASSERTIONS = NO;
				ENABLE_STRICT_OBJC_MSGSEND = YES;
				GCC_C_LANGUAGE_STANDARD = gnu11;
				GCC_NO_COMMON_BLOCKS = YES;
				GCC_WARN_64_TO_32_BIT_CONVERSION = YES;
				GCC_WARN_ABOUT_RETURN_TYPE = YES_ERROR;
				GCC_WARN_UNDECLARED_SELECTOR = YES;
				GCC_WARN_UNINITIALIZED_AUTOS = YES_AGGRESSIVE;
				GCC_WARN_UNUSED_FUNCTION = YES;
				GCC_WARN_UNUSED_VARIABLE = YES;
				IPHONEOS_DEPLOYMENT_TARGET = 12.4;
				MTL_ENABLE_DEBUG_INFO = NO;
				MTL_FAST_MATH = YES;
				SDKROOT = iphoneos;
				SWIFT_COMPILATION_MODE = wholemodule;
				SWIFT_OPTIMIZATION_LEVEL = "-O";
				VALIDATE_PRODUCT = YES;
			};
			name = Release;
		};
		F77BC91B22F0633B00296789 /* Debug */ = {
			isa = XCBuildConfiguration;
			baseConfigurationReference = 21BC8F5174F46595340B5155 /* Pods-SmartDrone.debug.xcconfig */;
			buildSettings = {
				ALWAYS_EMBED_SWIFT_STANDARD_LIBRARIES = YES;
				ASSETCATALOG_COMPILER_APPICON_NAME = AppIcon;
				CODE_SIGN_STYLE = Automatic;
				DEVELOPMENT_TEAM = J2JXL6FGDG;
				INFOPLIST_FILE = SmartDrone/Info.plist;
				IPHONEOS_DEPLOYMENT_TARGET = 12.2;
				LD_RUNPATH_SEARCH_PATHS = (
					"$(inherited)",
					"@executable_path/Frameworks",
				);
				PRODUCT_BUNDLE_IDENTIFIER = com.convergencelabios.SmartDrone;
				PRODUCT_NAME = "$(TARGET_NAME)";
				SWIFT_VERSION = 5.0;
				TARGETED_DEVICE_FAMILY = "1,2";
			};
			name = Debug;
		};
		F77BC91C22F0633B00296789 /* Release */ = {
			isa = XCBuildConfiguration;
			baseConfigurationReference = D32658597F64D95A70B86BD0 /* Pods-SmartDrone.release.xcconfig */;
			buildSettings = {
				ALWAYS_EMBED_SWIFT_STANDARD_LIBRARIES = YES;
				ASSETCATALOG_COMPILER_APPICON_NAME = AppIcon;
				CODE_SIGN_STYLE = Automatic;
				DEVELOPMENT_TEAM = J2JXL6FGDG;
				INFOPLIST_FILE = SmartDrone/Info.plist;
				IPHONEOS_DEPLOYMENT_TARGET = 12.2;
				LD_RUNPATH_SEARCH_PATHS = (
					"$(inherited)",
					"@executable_path/Frameworks",
				);
				PRODUCT_BUNDLE_IDENTIFIER = com.convergencelabios.SmartDrone;
				PRODUCT_NAME = "$(TARGET_NAME)";
				SWIFT_VERSION = 5.0;
				TARGETED_DEVICE_FAMILY = "1,2";
			};
			name = Release;
		};
		F77BC91E22F0633B00296789 /* Debug */ = {
			isa = XCBuildConfiguration;
			buildSettings = {
				ALWAYS_EMBED_SWIFT_STANDARD_LIBRARIES = YES;
				CODE_SIGN_STYLE = Automatic;
				DEVELOPMENT_TEAM = J2JXL6FGDG;
				INFOPLIST_FILE = SmartDroneTests/Info.plist;
				LD_RUNPATH_SEARCH_PATHS = (
					"$(inherited)",
					"@executable_path/Frameworks",
					"@loader_path/Frameworks",
				);
				PRODUCT_BUNDLE_IDENTIFIER = com.convergencelabios.SmartDroneTests;
				PRODUCT_NAME = "$(TARGET_NAME)";
				SWIFT_VERSION = 5.0;
				TARGETED_DEVICE_FAMILY = "1,2";
			};
			name = Debug;
		};
		F77BC91F22F0633B00296789 /* Release */ = {
			isa = XCBuildConfiguration;
			buildSettings = {
				ALWAYS_EMBED_SWIFT_STANDARD_LIBRARIES = YES;
				CODE_SIGN_STYLE = Automatic;
				DEVELOPMENT_TEAM = J2JXL6FGDG;
				INFOPLIST_FILE = SmartDroneTests/Info.plist;
				LD_RUNPATH_SEARCH_PATHS = (
					"$(inherited)",
					"@executable_path/Frameworks",
					"@loader_path/Frameworks",
				);
				PRODUCT_BUNDLE_IDENTIFIER = com.convergencelabios.SmartDroneTests;
				PRODUCT_NAME = "$(TARGET_NAME)";
				SWIFT_VERSION = 5.0;
				TARGETED_DEVICE_FAMILY = "1,2";
			};
			name = Release;
		};
		F7FB3C552305D52B00511860 /* Debug */ = {
			isa = XCBuildConfiguration;
			buildSettings = {
				BUNDLE_LOADER = "$(TEST_HOST)";
				CODE_SIGN_STYLE = Automatic;
				DEVELOPMENT_TEAM = J2JXL6FGDG;
				INFOPLIST_FILE = SmartDroneModelTests/Info.plist;
				LD_RUNPATH_SEARCH_PATHS = (
					"$(inherited)",
					"@executable_path/Frameworks",
					"@loader_path/Frameworks",
				);
				PRODUCT_BUNDLE_IDENTIFIER = com.mytests.SmartDroneModelTests;
				PRODUCT_NAME = "$(TARGET_NAME)";
				SWIFT_VERSION = 5.0;
				TARGETED_DEVICE_FAMILY = "1,2";
				TEST_HOST = "$(BUILT_PRODUCTS_DIR)/SmartDrone.app/SmartDrone";
			};
			name = Debug;
		};
		F7FB3C562305D52B00511860 /* Release */ = {
			isa = XCBuildConfiguration;
			buildSettings = {
				BUNDLE_LOADER = "$(TEST_HOST)";
				CODE_SIGN_STYLE = Automatic;
				DEVELOPMENT_TEAM = J2JXL6FGDG;
				INFOPLIST_FILE = SmartDroneModelTests/Info.plist;
				LD_RUNPATH_SEARCH_PATHS = (
					"$(inherited)",
					"@executable_path/Frameworks",
					"@loader_path/Frameworks",
				);
				PRODUCT_BUNDLE_IDENTIFIER = com.mytests.SmartDroneModelTests;
				PRODUCT_NAME = "$(TARGET_NAME)";
				SWIFT_VERSION = 5.0;
				TARGETED_DEVICE_FAMILY = "1,2";
				TEST_HOST = "$(BUILT_PRODUCTS_DIR)/SmartDrone.app/SmartDrone";
			};
			name = Release;
		};
/* End XCBuildConfiguration section */

/* Begin XCConfigurationList section */
		F77BC8ED22F0630900296789 /* Build configuration list for PBXProject "SmartDrone" */ = {
			isa = XCConfigurationList;
			buildConfigurations = (
				F77BC91822F0633B00296789 /* Debug */,
				F77BC91922F0633B00296789 /* Release */,
			);
			defaultConfigurationIsVisible = 0;
			defaultConfigurationName = Release;
		};
		F77BC91A22F0633B00296789 /* Build configuration list for PBXNativeTarget "SmartDrone" */ = {
			isa = XCConfigurationList;
			buildConfigurations = (
				F77BC91B22F0633B00296789 /* Debug */,
				F77BC91C22F0633B00296789 /* Release */,
			);
			defaultConfigurationIsVisible = 0;
			defaultConfigurationName = Release;
		};
		F77BC91D22F0633B00296789 /* Build configuration list for PBXNativeTarget "SmartDroneTests" */ = {
			isa = XCConfigurationList;
			buildConfigurations = (
				F77BC91E22F0633B00296789 /* Debug */,
				F77BC91F22F0633B00296789 /* Release */,
			);
			defaultConfigurationIsVisible = 0;
			defaultConfigurationName = Release;
		};
		F7FB3C542305D52B00511860 /* Build configuration list for PBXNativeTarget "SmartDroneModelTests" */ = {
			isa = XCConfigurationList;
			buildConfigurations = (
				F7FB3C552305D52B00511860 /* Debug */,
				F7FB3C562305D52B00511860 /* Release */,
			);
			defaultConfigurationIsVisible = 0;
			defaultConfigurationName = Release;
		};
/* End XCConfigurationList section */
	};
	rootObject = F77BC8EA22F0630900296789 /* Project object */;
}
